// !$*UTF8*$!
{
	archiveVersion = 1;
	classes = {
	};
	objectVersion = 50;
	objects = {

/* Begin PBXBuildFile section */
		0D080724474C50CF87518392 /* Pods_Synd_Customer.framework in Frameworks */ = {isa = PBXBuildFile; fileRef = E5CA676A28E84E4CB0C0984D /* Pods_Synd_Customer.framework */; };
		531DE0F72325179B003FE290 /* CustomerQueueViewController.swift in Sources */ = {isa = PBXBuildFile; fileRef = 531DE0F62325179B003FE290 /* CustomerQueueViewController.swift */; };
		531DE0F9232537D1003FE290 /* LoginViewController.swift in Sources */ = {isa = PBXBuildFile; fileRef = 531DE0F8232537D1003FE290 /* LoginViewController.swift */; };
		5324F26923257E31009AE66C /* staffViewController.swift in Sources */ = {isa = PBXBuildFile; fileRef = 5324F26823257E31009AE66C /* staffViewController.swift */; };
		53B8F681231653ED00305C29 /* AppDelegate.swift in Sources */ = {isa = PBXBuildFile; fileRef = 53B8F680231653ED00305C29 /* AppDelegate.swift */; };
		53B8F683231653ED00305C29 /* FirstViewController.swift in Sources */ = {isa = PBXBuildFile; fileRef = 53B8F682231653ED00305C29 /* FirstViewController.swift */; };
		53B8F685231653ED00305C29 /* SecondViewController.swift in Sources */ = {isa = PBXBuildFile; fileRef = 53B8F684231653ED00305C29 /* SecondViewController.swift */; };
		53B8F688231653ED00305C29 /* Main.storyboard in Resources */ = {isa = PBXBuildFile; fileRef = 53B8F686231653ED00305C29 /* Main.storyboard */; };
		53B8F68A231653EE00305C29 /* Assets.xcassets in Resources */ = {isa = PBXBuildFile; fileRef = 53B8F689231653EE00305C29 /* Assets.xcassets */; };
		53B8F68D231653EE00305C29 /* LaunchScreen.storyboard in Resources */ = {isa = PBXBuildFile; fileRef = 53B8F68B231653EE00305C29 /* LaunchScreen.storyboard */; };
		53B8F695231656A200305C29 /* ScanQRViewController.swift in Sources */ = {isa = PBXBuildFile; fileRef = 53B8F694231656A200305C29 /* ScanQRViewController.swift */; };
		53F2AB16231E26E8003E4456 /* GoogleService-Info.plist in Resources */ = {isa = PBXBuildFile; fileRef = 53F2AB15231E26E8003E4456 /* GoogleService-Info.plist */; };
/* End PBXBuildFile section */

/* Begin PBXFileReference section */
		531DE0F62325179B003FE290 /* CustomerQueueViewController.swift */ = {isa = PBXFileReference; lastKnownFileType = sourcecode.swift; path = CustomerQueueViewController.swift; sourceTree = "<group>"; };
		531DE0F8232537D1003FE290 /* LoginViewController.swift */ = {isa = PBXFileReference; lastKnownFileType = sourcecode.swift; path = LoginViewController.swift; sourceTree = "<group>"; };
		5324F26823257E31009AE66C /* staffViewController.swift */ = {isa = PBXFileReference; lastKnownFileType = sourcecode.swift; path = staffViewController.swift; sourceTree = "<group>"; };
		53B8F67D231653ED00305C29 /* Synd Customer.app */ = {isa = PBXFileReference; explicitFileType = wrapper.application; includeInIndex = 0; path = "Synd Customer.app"; sourceTree = BUILT_PRODUCTS_DIR; };
		53B8F680231653ED00305C29 /* AppDelegate.swift */ = {isa = PBXFileReference; lastKnownFileType = sourcecode.swift; path = AppDelegate.swift; sourceTree = "<group>"; };
		53B8F682231653ED00305C29 /* FirstViewController.swift */ = {isa = PBXFileReference; lastKnownFileType = sourcecode.swift; path = FirstViewController.swift; sourceTree = "<group>"; };
		53B8F684231653ED00305C29 /* SecondViewController.swift */ = {isa = PBXFileReference; lastKnownFileType = sourcecode.swift; path = SecondViewController.swift; sourceTree = "<group>"; };
		53B8F687231653ED00305C29 /* Base */ = {isa = PBXFileReference; lastKnownFileType = file.storyboard; name = Base; path = Base.lproj/Main.storyboard; sourceTree = "<group>"; };
		53B8F689231653EE00305C29 /* Assets.xcassets */ = {isa = PBXFileReference; lastKnownFileType = folder.assetcatalog; path = Assets.xcassets; sourceTree = "<group>"; };
		53B8F68C231653EE00305C29 /* Base */ = {isa = PBXFileReference; lastKnownFileType = file.storyboard; name = Base; path = Base.lproj/LaunchScreen.storyboard; sourceTree = "<group>"; };
		53B8F68E231653EE00305C29 /* Info.plist */ = {isa = PBXFileReference; lastKnownFileType = text.plist.xml; path = Info.plist; sourceTree = "<group>"; };
		53B8F694231656A200305C29 /* ScanQRViewController.swift */ = {isa = PBXFileReference; lastKnownFileType = sourcecode.swift; path = ScanQRViewController.swift; sourceTree = "<group>"; };
		53F2AB15231E26E8003E4456 /* GoogleService-Info.plist */ = {isa = PBXFileReference; fileEncoding = 4; lastKnownFileType = text.plist.xml; path = "GoogleService-Info.plist"; sourceTree = "<group>"; };
		570A85F89ACA3B10B8801855 /* Pods-Synd Customer.debug.xcconfig */ = {isa = PBXFileReference; includeInIndex = 1; lastKnownFileType = text.xcconfig; name = "Pods-Synd Customer.debug.xcconfig"; path = "Pods/Target Support Files/Pods-Synd Customer/Pods-Synd Customer.debug.xcconfig"; sourceTree = "<group>"; };
		AD747EA52944B1DD620CFE8D /* Pods-Synd Customer.release.xcconfig */ = {isa = PBXFileReference; includeInIndex = 1; lastKnownFileType = text.xcconfig; name = "Pods-Synd Customer.release.xcconfig"; path = "Pods/Target Support Files/Pods-Synd Customer/Pods-Synd Customer.release.xcconfig"; sourceTree = "<group>"; };
		E5CA676A28E84E4CB0C0984D /* Pods_Synd_Customer.framework */ = {isa = PBXFileReference; explicitFileType = wrapper.framework; includeInIndex = 0; path = Pods_Synd_Customer.framework; sourceTree = BUILT_PRODUCTS_DIR; };
/* End PBXFileReference section */

/* Begin PBXFrameworksBuildPhase section */
		53B8F67A231653EC00305C29 /* Frameworks */ = {
			isa = PBXFrameworksBuildPhase;
			buildActionMask = 2147483647;
			files = (
				0D080724474C50CF87518392 /* Pods_Synd_Customer.framework in Frameworks */,
			);
			runOnlyForDeploymentPostprocessing = 0;
		};
/* End PBXFrameworksBuildPhase section */

/* Begin PBXGroup section */
		369D1C42D24794E60FBF2E20 /* Pods */ = {
			isa = PBXGroup;
			children = (
				570A85F89ACA3B10B8801855 /* Pods-Synd Customer.debug.xcconfig */,
				AD747EA52944B1DD620CFE8D /* Pods-Synd Customer.release.xcconfig */,
			);
			name = Pods;
			sourceTree = "<group>";
		};
		53B8F674231653EC00305C29 = {
			isa = PBXGroup;
			children = (
				53B8F67F231653ED00305C29 /* Synd Customer */,
				53B8F67E231653ED00305C29 /* Products */,
				369D1C42D24794E60FBF2E20 /* Pods */,
				C4A7DBFFB549F35861B5BA65 /* Frameworks */,
			);
			sourceTree = "<group>";
		};
		53B8F67E231653ED00305C29 /* Products */ = {
			isa = PBXGroup;
			children = (
				53B8F67D231653ED00305C29 /* Synd Customer.app */,
			);
			name = Products;
			sourceTree = "<group>";
		};
		53B8F67F231653ED00305C29 /* Synd Customer */ = {
			isa = PBXGroup;
			children = (
				53B8F680231653ED00305C29 /* AppDelegate.swift */,
				531DE0F8232537D1003FE290 /* LoginViewController.swift */,
				53B8F682231653ED00305C29 /* FirstViewController.swift */,
				53B8F684231653ED00305C29 /* SecondViewController.swift */,
				53B8F694231656A200305C29 /* ScanQRViewController.swift */,
				531DE0F62325179B003FE290 /* CustomerQueueViewController.swift */,
				53B8F686231653ED00305C29 /* Main.storyboard */,
				53B8F689231653EE00305C29 /* Assets.xcassets */,
				53B8F68B231653EE00305C29 /* LaunchScreen.storyboard */,
				53B8F68E231653EE00305C29 /* Info.plist */,
				53F2AB15231E26E8003E4456 /* GoogleService-Info.plist */,
				5324F26823257E31009AE66C /* staffViewController.swift */,
			);
			path = "Synd Customer";
			sourceTree = "<group>";
		};
		C4A7DBFFB549F35861B5BA65 /* Frameworks */ = {
			isa = PBXGroup;
			children = (
				E5CA676A28E84E4CB0C0984D /* Pods_Synd_Customer.framework */,
			);
			name = Frameworks;
			sourceTree = "<group>";
		};
/* End PBXGroup section */

/* Begin PBXNativeTarget section */
		53B8F67C231653EC00305C29 /* Synd Customer */ = {
			isa = PBXNativeTarget;
			buildConfigurationList = 53B8F691231653EE00305C29 /* Build configuration list for PBXNativeTarget "Synd Customer" */;
			buildPhases = (
				B21E98AC0FF6F4876A25DDCE /* [CP] Check Pods Manifest.lock */,
				53B8F679231653EC00305C29 /* Sources */,
				53B8F67A231653EC00305C29 /* Frameworks */,
				53B8F67B231653EC00305C29 /* Resources */,
				FB9B8936B588A534A64AA72B /* [CP] Embed Pods Frameworks */,
				FBA2950AF1E383DD821F4A01 /* [CP] Copy Pods Resources */,
			);
			buildRules = (
			);
			dependencies = (
			);
			name = "Synd Customer";
			productName = "Synd Customer";
			productReference = 53B8F67D231653ED00305C29 /* Synd Customer.app */;
			productType = "com.apple.product-type.application";
		};
/* End PBXNativeTarget section */

/* Begin PBXProject section */
		53B8F675231653EC00305C29 /* Project object */ = {
			isa = PBXProject;
			attributes = {
				LastSwiftUpdateCheck = 1020;
				LastUpgradeCheck = 1020;
				ORGANIZATIONNAME = "yugantar jain";
				TargetAttributes = {
					53B8F67C231653EC00305C29 = {
						CreatedOnToolsVersion = 10.2.1;
					};
				};
			};
			buildConfigurationList = 53B8F678231653EC00305C29 /* Build configuration list for PBXProject "Synd Customer" */;
			compatibilityVersion = "Xcode 9.3";
			developmentRegion = en;
			hasScannedForEncodings = 0;
			knownRegions = (
				en,
				Base,
			);
			mainGroup = 53B8F674231653EC00305C29;
			productRefGroup = 53B8F67E231653ED00305C29 /* Products */;
			projectDirPath = "";
			projectRoot = "";
			targets = (
				53B8F67C231653EC00305C29 /* Synd Customer */,
			);
		};
/* End PBXProject section */

/* Begin PBXResourcesBuildPhase section */
		53B8F67B231653EC00305C29 /* Resources */ = {
			isa = PBXResourcesBuildPhase;
			buildActionMask = 2147483647;
			files = (
				53B8F68D231653EE00305C29 /* LaunchScreen.storyboard in Resources */,
				53F2AB16231E26E8003E4456 /* GoogleService-Info.plist in Resources */,
				53B8F68A231653EE00305C29 /* Assets.xcassets in Resources */,
				53B8F688231653ED00305C29 /* Main.storyboard in Resources */,
			);
			runOnlyForDeploymentPostprocessing = 0;
		};
/* End PBXResourcesBuildPhase section */

/* Begin PBXShellScriptBuildPhase section */
		B21E98AC0FF6F4876A25DDCE /* [CP] Check Pods Manifest.lock */ = {
			isa = PBXShellScriptBuildPhase;
			buildActionMask = 2147483647;
			files = (
			);
			inputPaths = (
				"${PODS_PODFILE_DIR_PATH}/Podfile.lock",
				"${PODS_ROOT}/Manifest.lock",
			);
			name = "[CP] Check Pods Manifest.lock";
			outputPaths = (
				"$(DERIVED_FILE_DIR)/Pods-Synd Customer-checkManifestLockResult.txt",
			);
			runOnlyForDeploymentPostprocessing = 0;
			shellPath = /bin/sh;
			shellScript = "diff \"${PODS_PODFILE_DIR_PATH}/Podfile.lock\" \"${PODS_ROOT}/Manifest.lock\" > /dev/null\nif [ $? != 0 ] ; then\n    # print error to STDERR\n    echo \"error: The sandbox is not in sync with the Podfile.lock. Run 'pod install' or update your CocoaPods installation.\" >&2\n    exit 1\nfi\n# This output is used by Xcode 'outputs' to avoid re-running this script phase.\necho \"SUCCESS\" > \"${SCRIPT_OUTPUT_FILE_0}\"\n";
			showEnvVarsInLog = 0;
		};
		FB9B8936B588A534A64AA72B /* [CP] Embed Pods Frameworks */ = {
			isa = PBXShellScriptBuildPhase;
			buildActionMask = 2147483647;
			files = (
			);
			inputPaths = (
				"${SRCROOT}/Pods/Target Support Files/Pods-Synd Customer/Pods-Synd Customer-frameworks.sh",
				"${BUILT_PRODUCTS_DIR}/GTMSessionFetcher/GTMSessionFetcher.framework",
				"${BUILT_PRODUCTS_DIR}/GoogleToolboxForMac/GoogleToolboxForMac.framework",
				"${BUILT_PRODUCTS_DIR}/GoogleUtilities/GoogleUtilities.framework",
				"${BUILT_PRODUCTS_DIR}/Socket.IO-Client-Swift/SocketIO.framework",
				"${BUILT_PRODUCTS_DIR}/Starscream/Starscream.framework",
				"${BUILT_PRODUCTS_DIR}/nanopb/nanopb.framework",
			);
			name = "[CP] Embed Pods Frameworks";
			outputPaths = (
				"${TARGET_BUILD_DIR}/${FRAMEWORKS_FOLDER_PATH}/GTMSessionFetcher.framework",
				"${TARGET_BUILD_DIR}/${FRAMEWORKS_FOLDER_PATH}/GoogleToolboxForMac.framework",
				"${TARGET_BUILD_DIR}/${FRAMEWORKS_FOLDER_PATH}/GoogleUtilities.framework",
				"${TARGET_BUILD_DIR}/${FRAMEWORKS_FOLDER_PATH}/SocketIO.framework",
				"${TARGET_BUILD_DIR}/${FRAMEWORKS_FOLDER_PATH}/Starscream.framework",
				"${TARGET_BUILD_DIR}/${FRAMEWORKS_FOLDER_PATH}/nanopb.framework",
			);
			runOnlyForDeploymentPostprocessing = 0;
			shellPath = /bin/sh;
			shellScript = "\"${SRCROOT}/Pods/Target Support Files/Pods-Synd Customer/Pods-Synd Customer-frameworks.sh\"\n";
			showEnvVarsInLog = 0;
		};
		FBA2950AF1E383DD821F4A01 /* [CP] Copy Pods Resources */ = {
			isa = PBXShellScriptBuildPhase;
			buildActionMask = 2147483647;
			files = (
			);
			inputPaths = (
				"${SRCROOT}/Pods/Target Support Files/Pods-Synd Customer/Pods-Synd Customer-resources.sh",
				"${PODS_CONFIGURATION_BUILD_DIR}/FirebaseUI/FirebaseAuthUI.bundle",
				"${PODS_CONFIGURATION_BUILD_DIR}/FirebaseUI/FirebaseGoogleAuthUI.bundle",
				"${PODS_ROOT}/GoogleSignIn/Resources/GoogleSignIn.bundle",
			);
			name = "[CP] Copy Pods Resources";
			outputPaths = (
				"${TARGET_BUILD_DIR}/${UNLOCALIZED_RESOURCES_FOLDER_PATH}/FirebaseAuthUI.bundle",
				"${TARGET_BUILD_DIR}/${UNLOCALIZED_RESOURCES_FOLDER_PATH}/FirebaseGoogleAuthUI.bundle",
				"${TARGET_BUILD_DIR}/${UNLOCALIZED_RESOURCES_FOLDER_PATH}/GoogleSignIn.bundle",
			);
			runOnlyForDeploymentPostprocessing = 0;
			shellPath = /bin/sh;
			shellScript = "\"${SRCROOT}/Pods/Target Support Files/Pods-Synd Customer/Pods-Synd Customer-resources.sh\"\n";
			showEnvVarsInLog = 0;
		};
/* End PBXShellScriptBuildPhase section */

/* Begin PBXSourcesBuildPhase section */
		53B8F679231653EC00305C29 /* Sources */ = {
			isa = PBXSourcesBuildPhase;
			buildActionMask = 2147483647;
			files = (
				531DE0F9232537D1003FE290 /* LoginViewController.swift in Sources */,
				53B8F695231656A200305C29 /* ScanQRViewController.swift in Sources */,
				531DE0F72325179B003FE290 /* CustomerQueueViewController.swift in Sources */,
				53B8F685231653ED00305C29 /* SecondViewController.swift in Sources */,
				5324F26923257E31009AE66C /* staffViewController.swift in Sources */,
				53B8F681231653ED00305C29 /* AppDelegate.swift in Sources */,
				53B8F683231653ED00305C29 /* FirstViewController.swift in Sources */,
			);
			runOnlyForDeploymentPostprocessing = 0;
		};
/* End PBXSourcesBuildPhase section */

/* Begin PBXVariantGroup section */
		53B8F686231653ED00305C29 /* Main.storyboard */ = {
			isa = PBXVariantGroup;
			children = (
				53B8F687231653ED00305C29 /* Base */,
			);
			name = Main.storyboard;
			sourceTree = "<group>";
		};
		53B8F68B231653EE00305C29 /* LaunchScreen.storyboard */ = {
			isa = PBXVariantGroup;
			children = (
				53B8F68C231653EE00305C29 /* Base */,
			);
			name = LaunchScreen.storyboard;
			sourceTree = "<group>";
		};
/* End PBXVariantGroup section */

/* Begin XCBuildConfiguration section */
		53B8F68F231653EE00305C29 /* Debug */ = {
			isa = XCBuildConfiguration;
			buildSettings = {
				ALWAYS_SEARCH_USER_PATHS = NO;
				CLANG_ANALYZER_NONNULL = YES;
				CLANG_ANALYZER_NUMBER_OBJECT_CONVERSION = YES_AGGRESSIVE;
				CLANG_CXX_LANGUAGE_STANDARD = "gnu++14";
				CLANG_CXX_LIBRARY = "libc++";
				CLANG_ENABLE_MODULES = YES;
				CLANG_ENABLE_OBJC_ARC = YES;
				CLANG_ENABLE_OBJC_WEAK = YES;
				CLANG_WARN_BLOCK_CAPTURE_AUTORELEASING = YES;
				CLANG_WARN_BOOL_CONVERSION = YES;
				CLANG_WARN_COMMA = YES;
				CLANG_WARN_CONSTANT_CONVERSION = YES;
				CLANG_WARN_DEPRECATED_OBJC_IMPLEMENTATIONS = YES;
				CLANG_WARN_DIRECT_OBJC_ISA_USAGE = YES_ERROR;
				CLANG_WARN_DOCUMENTATION_COMMENTS = YES;
				CLANG_WARN_EMPTY_BODY = YES;
				CLANG_WARN_ENUM_CONVERSION = YES;
				CLANG_WARN_INFINITE_RECURSION = YES;
				CLANG_WARN_INT_CONVERSION = YES;
				CLANG_WARN_NON_LITERAL_NULL_CONVERSION = YES;
				CLANG_WARN_OBJC_IMPLICIT_RETAIN_SELF = YES;
				CLANG_WARN_OBJC_LITERAL_CONVERSION = YES;
				CLANG_WARN_OBJC_ROOT_CLASS = YES_ERROR;
				CLANG_WARN_RANGE_LOOP_ANALYSIS = YES;
				CLANG_WARN_STRICT_PROTOTYPES = YES;
				CLANG_WARN_SUSPICIOUS_MOVE = YES;
				CLANG_WARN_UNGUARDED_AVAILABILITY = YES_AGGRESSIVE;
				CLANG_WARN_UNREACHABLE_CODE = YES;
				CLANG_WARN__DUPLICATE_METHOD_MATCH = YES;
				CODE_SIGN_IDENTITY = "iPhone Developer";
				COPY_PHASE_STRIP = NO;
				DEBUG_INFORMATION_FORMAT = dwarf;
				ENABLE_STRICT_OBJC_MSGSEND = YES;
				ENABLE_TESTABILITY = YES;
				GCC_C_LANGUAGE_STANDARD = gnu11;
				GCC_DYNAMIC_NO_PIC = NO;
				GCC_NO_COMMON_BLOCKS = YES;
				GCC_OPTIMIZATION_LEVEL = 0;
				GCC_PREPROCESSOR_DEFINITIONS = (
					"DEBUG=1",
					"$(inherited)",
				);
				GCC_WARN_64_TO_32_BIT_CONVERSION = YES;
				GCC_WARN_ABOUT_RETURN_TYPE = YES_ERROR;
				GCC_WARN_UNDECLARED_SELECTOR = YES;
				GCC_WARN_UNINITIALIZED_AUTOS = YES_AGGRESSIVE;
				GCC_WARN_UNUSED_FUNCTION = YES;
				GCC_WARN_UNUSED_VARIABLE = YES;
				IPHONEOS_DEPLOYMENT_TARGET = 12.2;
				MTL_ENABLE_DEBUG_INFO = INCLUDE_SOURCE;
				MTL_FAST_MATH = YES;
				ONLY_ACTIVE_ARCH = YES;
				SDKROOT = iphoneos;
				SWIFT_ACTIVE_COMPILATION_CONDITIONS = DEBUG;
				SWIFT_OPTIMIZATION_LEVEL = "-Onone";
			};
			name = Debug;
		};
		53B8F690231653EE00305C29 /* Release */ = {
			isa = XCBuildConfiguration;
			buildSettings = {
				ALWAYS_SEARCH_USER_PATHS = NO;
				CLANG_ANALYZER_NONNULL = YES;
				CLANG_ANALYZER_NUMBER_OBJECT_CONVERSION = YES_AGGRESSIVE;
				CLANG_CXX_LANGUAGE_STANDARD = "gnu++14";
				CLANG_CXX_LIBRARY = "libc++";
				CLANG_ENABLE_MODULES = YES;
				CLANG_ENABLE_OBJC_ARC = YES;
				CLANG_ENABLE_OBJC_WEAK = YES;
				CLANG_WARN_BLOCK_CAPTURE_AUTORELEASING = YES;
				CLANG_WARN_BOOL_CONVERSION = YES;
				CLANG_WARN_COMMA = YES;
				CLANG_WARN_CONSTANT_CONVERSION = YES;
				CLANG_WARN_DEPRECATED_OBJC_IMPLEMENTATIONS = YES;
				CLANG_WARN_DIRECT_OBJC_ISA_USAGE = YES_ERROR;
				CLANG_WARN_DOCUMENTATION_COMMENTS = YES;
				CLANG_WARN_EMPTY_BODY = YES;
				CLANG_WARN_ENUM_CONVERSION = YES;
				CLANG_WARN_INFINITE_RECURSION = YES;
				CLANG_WARN_INT_CONVERSION = YES;
				CLANG_WARN_NON_LITERAL_NULL_CONVERSION = YES;
				CLANG_WARN_OBJC_IMPLICIT_RETAIN_SELF = YES;
				CLANG_WARN_OBJC_LITERAL_CONVERSION = YES;
				CLANG_WARN_OBJC_ROOT_CLASS = YES_ERROR;
				CLANG_WARN_RANGE_LOOP_ANALYSIS = YES;
				CLANG_WARN_STRICT_PROTOTYPES = YES;
				CLANG_WARN_SUSPICIOUS_MOVE = YES;
				CLANG_WARN_UNGUARDED_AVAILABILITY = YES_AGGRESSIVE;
				CLANG_WARN_UNREACHABLE_CODE = YES;
				CLANG_WARN__DUPLICATE_METHOD_MATCH = YES;
				CODE_SIGN_IDENTITY = "iPhone Developer";
				COPY_PHASE_STRIP = NO;
				DEBUG_INFORMATION_FORMAT = "dwarf-with-dsym";
				ENABLE_NS_ASSERTIONS = NO;
				ENABLE_STRICT_OBJC_MSGSEND = YES;
				GCC_C_LANGUAGE_STANDARD = gnu11;
				GCC_NO_COMMON_BLOCKS = YES;
				GCC_WARN_64_TO_32_BIT_CONVERSION = YES;
				GCC_WARN_ABOUT_RETURN_TYPE = YES_ERROR;
				GCC_WARN_UNDECLARED_SELECTOR = YES;
				GCC_WARN_UNINITIALIZED_AUTOS = YES_AGGRESSIVE;
				GCC_WARN_UNUSED_FUNCTION = YES;
				GCC_WARN_UNUSED_VARIABLE = YES;
				IPHONEOS_DEPLOYMENT_TARGET = 12.2;
				MTL_ENABLE_DEBUG_INFO = NO;
				MTL_FAST_MATH = YES;
				SDKROOT = iphoneos;
				SWIFT_COMPILATION_MODE = wholemodule;
				SWIFT_OPTIMIZATION_LEVEL = "-O";
				VALIDATE_PRODUCT = YES;
			};
			name = Release;
		};
		53B8F692231653EE00305C29 /* Debug */ = {
			isa = XCBuildConfiguration;
			baseConfigurationReference = 570A85F89ACA3B10B8801855 /* Pods-Synd Customer.debug.xcconfig */;
			buildSettings = {
				ASSETCATALOG_COMPILER_APPICON_NAME = AppIcon;
				CODE_SIGN_STYLE = Automatic;
				DEVELOPMENT_TEAM = ZCF7ZR4CVF;
				INFOPLIST_FILE = "Synd Customer/Info.plist";
				LD_RUNPATH_SEARCH_PATHS = (
					"$(inherited)",
					"@executable_path/Frameworks",
				);
				PRODUCT_BUNDLE_IDENTIFIER = "com.example.Synd-Customer";
				PRODUCT_NAME = "$(TARGET_NAME)";
				SWIFT_VERSION = 5.0;
				TARGETED_DEVICE_FAMILY = "1,2";
			};
			name = Debug;
		};
		53B8F693231653EE00305C29 /* Release */ = {
			isa = XCBuildConfiguration;
			baseConfigurationReference = AD747EA52944B1DD620CFE8D /* Pods-Synd Customer.release.xcconfig */;
			buildSettings = {
				ASSETCATALOG_COMPILER_APPICON_NAME = AppIcon;
				CODE_SIGN_STYLE = Automatic;
				DEVELOPMENT_TEAM = ZCF7ZR4CVF;
				INFOPLIST_FILE = "Synd Customer/Info.plist";
				LD_RUNPATH_SEARCH_PATHS = (
					"$(inherited)",
					"@executable_path/Frameworks",
				);
				PRODUCT_BUNDLE_IDENTIFIER = "com.example.Synd-Customer";
				PRODUCT_NAME = "$(TARGET_NAME)";
				SWIFT_VERSION = 5.0;
				TARGETED_DEVICE_FAMILY = "1,2";
			};
			name = Release;
		};
/* End XCBuildConfiguration section */

/* Begin XCConfigurationList section */
		53B8F678231653EC00305C29 /* Build configuration list for PBXProject "Synd Customer" */ = {
			isa = XCConfigurationList;
			buildConfigurations = (
				53B8F68F231653EE00305C29 /* Debug */,
				53B8F690231653EE00305C29 /* Release */,
			);
			defaultConfigurationIsVisible = 0;
			defaultConfigurationName = Release;
		};
		53B8F691231653EE00305C29 /* Build configuration list for PBXNativeTarget "Synd Customer" */ = {
			isa = XCConfigurationList;
			buildConfigurations = (
				53B8F692231653EE00305C29 /* Debug */,
				53B8F693231653EE00305C29 /* Release */,
			);
			defaultConfigurationIsVisible = 0;
			defaultConfigurationName = Release;
		};
/* End XCConfigurationList section */
	};
	rootObject = 53B8F675231653EC00305C29 /* Project object */;
}
